
Microsoft Visual Studio Solution File, Format Version 12.00
# Visual Studio Version 16
VisualStudioVersion = 16.0.31205.134
MinimumVisualStudioVersion = 10.0.40219.1
Project("{FAE04EC0-301F-11D3-BF4B-00C04F79EFBC}") = "WorldWideImporters.Api", "WorldWideImporters.Api\WorldWideImporters.Api.csproj", "{9CA16424-5E18-421B-A7D1-E3DC506E4F6E}"
EndProject
Project("{FAE04EC0-301F-11D3-BF4B-00C04F79EFBC}") = "WorldWideImporters.Data", "WorldWideImporters.Data\WorldWideImporters.Data.csproj", "{01CC20CB-9636-418C-87BD-526EE0757A0F}"
EndProject
Project("{FAE04EC0-301F-11D3-BF4B-00C04F79EFBC}") = "WorldWideImporters.Model", "WorldWideImporters.Model\WorldWideImporters.Model.csproj", "{F3DD40A1-8B68-4960-AE90-3FF9E1E320C6}"
EndProject
Project("{FAE04EC0-301F-11D3-BF4B-00C04F79EFBC}") = "WorldWideImporters.Mapping", "WorldWideImporters.Mapping\WorldWideImporters.Mapping.csproj", "{FDC60EE0-F052-49C3-BCE9-3E50399A27A7}"
EndProject
Project("{FAE04EC0-301F-11D3-BF4B-00C04F79EFBC}") = "WorldWideImporters.Caching", "WorldWideImporters.Caching\WorldWideImporters.Caching.csproj", "{BB3099B0-5E9C-476D-A037-ACDE853F8385}"
EndProject
Global
	GlobalSection(SolutionConfigurationPlatforms) = preSolution
		Debug|Any CPU = Debug|Any CPU
		Release|Any CPU = Release|Any CPU
	EndGlobalSection
	GlobalSection(ProjectConfigurationPlatforms) = postSolution
		{9CA16424-5E18-421B-A7D1-E3DC506E4F6E}.Debug|Any CPU.ActiveCfg = Debug|Any CPU
		{9CA16424-5E18-421B-A7D1-E3DC506E4F6E}.Debug|Any CPU.Build.0 = Debug|Any CPU
		{9CA16424-5E18-421B-A7D1-E3DC506E4F6E}.Release|Any CPU.ActiveCfg = Release|Any CPU
		{9CA16424-5E18-421B-A7D1-E3DC506E4F6E}.Release|Any CPU.Build.0 = Release|Any CPU
		{01CC20CB-9636-418C-87BD-526EE0757A0F}.Debug|Any CPU.ActiveCfg = Debug|Any CPU
		{01CC20CB-9636-418C-87BD-526EE0757A0F}.Debug|Any CPU.Build.0 = Debug|Any CPU
		{01CC20CB-9636-418C-87BD-526EE0757A0F}.Release|Any CPU.ActiveCfg = Release|Any CPU
		{01CC20CB-9636-418C-87BD-526EE0757A0F}.Release|Any CPU.Build.0 = Release|Any CPU
		{F3DD40A1-8B68-4960-AE90-3FF9E1E320C6}.Debug|Any CPU.ActiveCfg = Debug|Any CPU
		{F3DD40A1-8B68-4960-AE90-3FF9E1E320C6}.Debug|Any CPU.Build.0 = Debug|Any CPU
		{F3DD40A1-8B68-4960-AE90-3FF9E1E320C6}.Release|Any CPU.ActiveCfg = Release|Any CPU
		{F3DD40A1-8B68-4960-AE90-3FF9E1E320C6}.Release|Any CPU.Build.0 = Release|Any CPU
		{FDC60EE0-F052-49C3-BCE9-3E50399A27A7}.Debug|Any CPU.ActiveCfg = Debug|Any CPU
		{FDC60EE0-F052-49C3-BCE9-3E50399A27A7}.Debug|Any CPU.Build.0 = Debug|Any CPU
		{FDC60EE0-F052-49C3-BCE9-3E50399A27A7}.Release|Any CPU.ActiveCfg = Release|Any CPU
		{FDC60EE0-F052-49C3-BCE9-3E50399A27A7}.Release|Any CPU.Build.0 = Release|Any CPU
		{BB3099B0-5E9C-476D-A037-ACDE853F8385}.Debug|Any CPU.ActiveCfg = Debug|Any CPU
		{BB3099B0-5E9C-476D-A037-ACDE853F8385}.Debug|Any CPU.Build.0 = Debug|Any CPU
		{BB3099B0-5E9C-476D-A037-ACDE853F8385}.Release|Any CPU.ActiveCfg = Release|Any CPU
		{BB3099B0-5E9C-476D-A037-ACDE853F8385}.Release|Any CPU.Build.0 = Release|Any CPU
	EndGlobalSection
	GlobalSection(SolutionProperties) = preSolution
		HideSolutionNode = FALSE
	EndGlobalSection
	GlobalSection(ExtensibilityGlobals) = postSolution
		SolutionGuid = {C473B71D-7592-43CD-8513-F651A1A367A2}
	EndGlobalSection
EndGlobal
